
Microsoft Visual Studio Solution File, Format Version 12.00
# Visual Studio 14
VisualStudioVersion = 14.0.25420.1
MinimumVisualStudioVersion = 10.0.40219.1
Project("{00D1A9C2-B5F0-4AF3-8072-F6C62B433612}") = "CannedExample", "CannedExample\CannedExample.sqlproj", "{E14E87FE-2E9C-4D9E-8158-F32EA1291E2B}"
EndProject
Global
	GlobalSection(SolutionConfigurationPlatforms) = preSolution
		Debug|Any CPU = Debug|Any CPU
		Release|Any CPU = Release|Any CPU
	EndGlobalSection
	GlobalSection(ProjectConfigurationPlatforms) = postSolution
		{E14E87FE-2E9C-4D9E-8158-F32EA1291E2B}.Debug|Any CPU.ActiveCfg = Debug|Any CPU
		{E14E87FE-2E9C-4D9E-8158-F32EA1291E2B}.Debug|Any CPU.Build.0 = Debug|Any CPU
		{E14E87FE-2E9C-4D9E-8158-F32EA1291E2B}.Debug|Any CPU.Deploy.0 = Debug|Any CPU
		{E14E87FE-2E9C-4D9E-8158-F32EA1291E2B}.Release|Any CPU.ActiveCfg = Release|Any CPU
		{E14E87FE-2E9C-4D9E-8158-F32EA1291E2B}.Release|Any CPU.Build.0 = Release|Any CPU
		{E14E87FE-2E9C-4D9E-8158-F32EA1291E2B}.Release|Any CPU.Deploy.0 = Release|Any CPU
	EndGlobalSection
	GlobalSection(SolutionProperties) = preSolution
		HideSolutionNode = FALSE
	EndGlobalSection
EndGlobal
