
Microsoft Visual Studio Solution File, Format Version 12.00
# Visual Studio 14
VisualStudioVersion = 14.0.25420.1
MinimumVisualStudioVersion = 10.0.40219.1
Project("{00D1A9C2-B5F0-4AF3-8072-F6C62B433612}") = "Example.Db", "Example.Db\Example.Db.sqlproj", "{70B5544A-A2D5-4987-AB5E-9A9446FDD118}"
EndProject
Project("{00D1A9C2-B5F0-4AF3-8072-F6C62B433612}") = "Example.Db.Tests", "Example.Db.Tests\Example.Db.Tests.sqlproj", "{D18BB8E3-F4C5-4885-9C24-7D8AF09F66EE}"
EndProject
Global
	GlobalSection(SolutionConfigurationPlatforms) = preSolution
		Debug|Any CPU = Debug|Any CPU
		Release|Any CPU = Release|Any CPU
	EndGlobalSection
	GlobalSection(ProjectConfigurationPlatforms) = postSolution
		{70B5544A-A2D5-4987-AB5E-9A9446FDD118}.Debug|Any CPU.ActiveCfg = Debug|Any CPU
		{70B5544A-A2D5-4987-AB5E-9A9446FDD118}.Debug|Any CPU.Build.0 = Debug|Any CPU
		{70B5544A-A2D5-4987-AB5E-9A9446FDD118}.Debug|Any CPU.Deploy.0 = Debug|Any CPU
		{70B5544A-A2D5-4987-AB5E-9A9446FDD118}.Release|Any CPU.ActiveCfg = Release|Any CPU
		{70B5544A-A2D5-4987-AB5E-9A9446FDD118}.Release|Any CPU.Build.0 = Release|Any CPU
		{70B5544A-A2D5-4987-AB5E-9A9446FDD118}.Release|Any CPU.Deploy.0 = Release|Any CPU
		{D18BB8E3-F4C5-4885-9C24-7D8AF09F66EE}.Debug|Any CPU.ActiveCfg = Debug|Any CPU
		{D18BB8E3-F4C5-4885-9C24-7D8AF09F66EE}.Debug|Any CPU.Build.0 = Debug|Any CPU
		{D18BB8E3-F4C5-4885-9C24-7D8AF09F66EE}.Debug|Any CPU.Deploy.0 = Debug|Any CPU
		{D18BB8E3-F4C5-4885-9C24-7D8AF09F66EE}.Release|Any CPU.ActiveCfg = Release|Any CPU
		{D18BB8E3-F4C5-4885-9C24-7D8AF09F66EE}.Release|Any CPU.Build.0 = Release|Any CPU
		{D18BB8E3-F4C5-4885-9C24-7D8AF09F66EE}.Release|Any CPU.Deploy.0 = Release|Any CPU
	EndGlobalSection
	GlobalSection(SolutionProperties) = preSolution
		HideSolutionNode = FALSE
	EndGlobalSection
EndGlobal
